
Microsoft Visual Studio Solution File, Format Version 11.00
# Visual Studio 2010
Project("{FAE04EC0-301F-11D3-BF4B-00C04F79EFBC}") = "bai27", "bai27\bai27.csproj", "{C7B66919-3711-49C1-8315-9350567B1476}"
EndProject
Global
	GlobalSection(SolutionConfigurationPlatforms) = preSolution
		Debug|x86 = Debug|x86
		Release|x86 = Release|x86
	EndGlobalSection
	GlobalSection(ProjectConfigurationPlatforms) = postSolution
		{C7B66919-3711-49C1-8315-9350567B1476}.Debug|x86.ActiveCfg = Debug|x86
		{C7B66919-3711-49C1-8315-9350567B1476}.Debug|x86.Build.0 = Debug|x86
		{C7B66919-3711-49C1-8315-9350567B1476}.Release|x86.ActiveCfg = Release|x86
		{C7B66919-3711-49C1-8315-9350567B1476}.Release|x86.Build.0 = Release|x86
	EndGlobalSection
	GlobalSection(SolutionProperties) = preSolution
		HideSolutionNode = FALSE
	EndGlobalSection
EndGlobal
